<Solution>
  <Folder Name="/examples/">
    <Project Path="examples/SharpCoder.CliAgent/SharpCoder.CliAgent.csproj" />
  </Folder>
  <Folder Name="/src/">
    <Project Path="src/SharpCoder/SharpCoder.csproj" />
  </Folder>
  <Folder Name="/tests/">
    <Project Path="tests/SharpCoder.Tests/SharpCoder.Tests.csproj" />
  </Folder>
</Solution>
